# This file is autogenerated, do not edit; changes may be undone by the next 'dep ensure'.


[[projects]]
  name = "github.com/davecgh/go-spew"
  packages = ["spew"]
  revision = "346938d642f2ec3594ed81d874461961cd0faa76"
  version = "v1.1.0"

[[projects]]
  branch = "master"
  name = "github.com/jsummers/gobmp"
  packages = ["."]
  revision = "e2ba15ffa76e4db3c90ae9e7c4b1c32a411207a4"

[[projects]]
  branch = "master"
  name = "github.com/nfnt/resize"
  packages = ["."]
  revision = "891127d8d1b52734debe1b3c3d7e747502b6c366"

[[projects]]
  name = "github.com/pmezard/go-difflib"
  packages = ["difflib"]
  revision = "792786c7400a136282c1664665ae0a8db921c6c2"
  version = "v1.0.0"

[[projects]]
  name = "github.com/stretchr/testify"
  packages = ["assert"]
  revision = "69483b4bd14f5845b5a1e55bca19e954e827f1d0"
  version = "v1.1.4"

[[projects]]
  branch = "master"
  name = "github.com/zyxar/image2ascii"
  packages = ["ascii","ico","term"]
  revision = "22de6c5f51486bfab566af741a9ee427514bfd95"

[[projects]]
  branch = "master"
  name = "golang.org/x/image"
  packages = ["bmp","riff","tiff","tiff/lzw","vp8","vp8l","webp"]
  revision = "f7e31b4ea2e3413ab91b4e7d2dc83e5f8d19a44c"

[solve-meta]
  analyzer-name = "dep"
  analyzer-version = 1
  inputs-digest = "7d6a523f35330e56278bb02d23b0f70f2c0c10677fcbb05ff11441b58e49806b"
  solver-name = "gps-cdcl"
  solver-version = 1
